
Microsoft Visual Studio Solution File, Format Version 12.00
# Visual Studio Version 17
VisualStudioVersion = 17.9.34607.119
MinimumVisualStudioVersion = 10.0.40219.1
Project("{8BC9CEB8-8B4A-11D0-8D11-00A0C91BC942}") = "PraktikumPemdas", "PraktikumPemdas\PraktikumPemdas.vcxproj", "{30D80DF4-0673-4EF2-A24B-217CBC647595}"
EndProject
Project("{8BC9CEB8-8B4A-11D0-8D11-00A0C91BC942}") = "Praktikum Part2", "Praktikum Part2\Praktikum Part2.vcxproj", "{04CEC94D-5BE2-4FEF-AE0C-23D289FCAA85}"
EndProject
Project("{8BC9CEB8-8B4A-11D0-8D11-00A0C91BC942}") = "PraktikumPart3", "PraktikumPart3\PraktikumPart3.vcxproj", "{79FE8027-EF68-45C7-A126-117F133ECB3D}"
EndProject
Project("{8BC9CEB8-8B4A-11D0-8D11-00A0C91BC942}") = "Praktikum Part4", "Praktikum Part4\Praktikum Part4.vcxproj", "{29FAC484-1774-4CB2-AA17-51F17CD9B312}"
EndProject
Global
	GlobalSection(SolutionConfigurationPlatforms) = preSolution
		Debug|x64 = Debug|x64
		Debug|x86 = Debug|x86
		Release|x64 = Release|x64
		Release|x86 = Release|x86
	EndGlobalSection
	GlobalSection(ProjectConfigurationPlatforms) = postSolution
		{30D80DF4-0673-4EF2-A24B-217CBC647595}.Debug|x64.ActiveCfg = Debug|x64
		{30D80DF4-0673-4EF2-A24B-217CBC647595}.Debug|x64.Build.0 = Debug|x64
		{30D80DF4-0673-4EF2-A24B-217CBC647595}.Debug|x86.ActiveCfg = Debug|Win32
		{30D80DF4-0673-4EF2-A24B-217CBC647595}.Debug|x86.Build.0 = Debug|Win32
		{30D80DF4-0673-4EF2-A24B-217CBC647595}.Release|x64.ActiveCfg = Release|x64
		{30D80DF4-0673-4EF2-A24B-217CBC647595}.Release|x64.Build.0 = Release|x64
		{30D80DF4-0673-4EF2-A24B-217CBC647595}.Release|x86.ActiveCfg = Release|Win32
		{30D80DF4-0673-4EF2-A24B-217CBC647595}.Release|x86.Build.0 = Release|Win32
		{04CEC94D-5BE2-4FEF-AE0C-23D289FCAA85}.Debug|x64.ActiveCfg = Debug|x64
		{04CEC94D-5BE2-4FEF-AE0C-23D289FCAA85}.Debug|x64.Build.0 = Debug|x64
		{04CEC94D-5BE2-4FEF-AE0C-23D289FCAA85}.Debug|x86.ActiveCfg = Debug|Win32
		{04CEC94D-5BE2-4FEF-AE0C-23D289FCAA85}.Debug|x86.Build.0 = Debug|Win32
		{04CEC94D-5BE2-4FEF-AE0C-23D289FCAA85}.Release|x64.ActiveCfg = Release|x64
		{04CEC94D-5BE2-4FEF-AE0C-23D289FCAA85}.Release|x64.Build.0 = Release|x64
		{04CEC94D-5BE2-4FEF-AE0C-23D289FCAA85}.Release|x86.ActiveCfg = Release|Win32
		{04CEC94D-5BE2-4FEF-AE0C-23D289FCAA85}.Release|x86.Build.0 = Release|Win32
		{79FE8027-EF68-45C7-A126-117F133ECB3D}.Debug|x64.ActiveCfg = Debug|x64
		{79FE8027-EF68-45C7-A126-117F133ECB3D}.Debug|x64.Build.0 = Debug|x64
		{79FE8027-EF68-45C7-A126-117F133ECB3D}.Debug|x86.ActiveCfg = Debug|Win32
		{79FE8027-EF68-45C7-A126-117F133ECB3D}.Debug|x86.Build.0 = Debug|Win32
		{79FE8027-EF68-45C7-A126-117F133ECB3D}.Release|x64.ActiveCfg = Release|x64
		{79FE8027-EF68-45C7-A126-117F133ECB3D}.Release|x64.Build.0 = Release|x64
		{79FE8027-EF68-45C7-A126-117F133ECB3D}.Release|x86.ActiveCfg = Release|Win32
		{79FE8027-EF68-45C7-A126-117F133ECB3D}.Release|x86.Build.0 = Release|Win32
		{29FAC484-1774-4CB2-AA17-51F17CD9B312}.Debug|x64.ActiveCfg = Debug|x64
		{29FAC484-1774-4CB2-AA17-51F17CD9B312}.Debug|x64.Build.0 = Debug|x64
		{29FAC484-1774-4CB2-AA17-51F17CD9B312}.Debug|x86.ActiveCfg = Debug|Win32
		{29FAC484-1774-4CB2-AA17-51F17CD9B312}.Debug|x86.Build.0 = Debug|Win32
		{29FAC484-1774-4CB2-AA17-51F17CD9B312}.Release|x64.ActiveCfg = Release|x64
		{29FAC484-1774-4CB2-AA17-51F17CD9B312}.Release|x64.Build.0 = Release|x64
		{29FAC484-1774-4CB2-AA17-51F17CD9B312}.Release|x86.ActiveCfg = Release|Win32
		{29FAC484-1774-4CB2-AA17-51F17CD9B312}.Release|x86.Build.0 = Release|Win32
	EndGlobalSection
	GlobalSection(SolutionProperties) = preSolution
		HideSolutionNode = FALSE
	EndGlobalSection
	GlobalSection(ExtensibilityGlobals) = postSolution
		SolutionGuid = {8947AA6B-1FF3-42DD-A2DE-53F39E2CD068}
	EndGlobalSection
EndGlobal
